
Microsoft Visual Studio Solution File, Format Version 12.00
Project("{FAE04EC0-301F-11D3-BF4B-00C04F79EFBC}") = "IntershipFinal0.1", "IntershipFinal0.1\IntershipFinal0.1.csproj", "{74E050D9-7CE2-4C5C-B2F1-0FEDA14D5103}"
EndProject
Global
	GlobalSection(SolutionConfigurationPlatforms) = preSolution
		Debug|Any CPU = Debug|Any CPU
		Release|Any CPU = Release|Any CPU
	EndGlobalSection
	GlobalSection(ProjectConfigurationPlatforms) = postSolution
		{74E050D9-7CE2-4C5C-B2F1-0FEDA14D5103}.Debug|Any CPU.ActiveCfg = Debug|Any CPU
		{74E050D9-7CE2-4C5C-B2F1-0FEDA14D5103}.Debug|Any CPU.Build.0 = Debug|Any CPU
		{74E050D9-7CE2-4C5C-B2F1-0FEDA14D5103}.Release|Any CPU.ActiveCfg = Release|Any CPU
		{74E050D9-7CE2-4C5C-B2F1-0FEDA14D5103}.Release|Any CPU.Build.0 = Release|Any CPU
	EndGlobalSection
EndGlobal
